
Microsoft Visual Studio Solution File, Format Version 12.00
# Visual Studio 2013
VisualStudioVersion = 12.0.21005.1
MinimumVisualStudioVersion = 10.0.40219.1
Project("{FAE04EC0-301F-11D3-BF4B-00C04F79EFBC}") = "Word2vec.Tools", "Word2vec.Tools\Word2vec.Tools.csproj", "{50FE2BFE-C932-45E9-B109-A7DD0CAA3139}"
EndProject
Project("{FAE04EC0-301F-11D3-BF4B-00C04F79EFBC}") = "Word2vec.Tools.Example", "Word2vec.Tools.Example\Word2vec.Tools.Example.csproj", "{4A458678-BABE-4FDD-8374-D09CD96122C3}"
EndProject
Global
	GlobalSection(SolutionConfigurationPlatforms) = preSolution
		Debug|Any CPU = Debug|Any CPU
		Release|Any CPU = Release|Any CPU
	EndGlobalSection
	GlobalSection(ProjectConfigurationPlatforms) = postSolution
		{50FE2BFE-C932-45E9-B109-A7DD0CAA3139}.Debug|Any CPU.ActiveCfg = Debug|Any CPU
		{50FE2BFE-C932-45E9-B109-A7DD0CAA3139}.Debug|Any CPU.Build.0 = Debug|Any CPU
		{50FE2BFE-C932-45E9-B109-A7DD0CAA3139}.Release|Any CPU.ActiveCfg = Release|Any CPU
		{50FE2BFE-C932-45E9-B109-A7DD0CAA3139}.Release|Any CPU.Build.0 = Release|Any CPU
		{4A458678-BABE-4FDD-8374-D09CD96122C3}.Debug|Any CPU.ActiveCfg = Debug|Any CPU
		{4A458678-BABE-4FDD-8374-D09CD96122C3}.Debug|Any CPU.Build.0 = Debug|Any CPU
		{4A458678-BABE-4FDD-8374-D09CD96122C3}.Release|Any CPU.ActiveCfg = Release|Any CPU
		{4A458678-BABE-4FDD-8374-D09CD96122C3}.Release|Any CPU.Build.0 = Release|Any CPU
	EndGlobalSection
	GlobalSection(SolutionProperties) = preSolution
		HideSolutionNode = FALSE
	EndGlobalSection
EndGlobal
